// !$*UTF8*$!
{
	archiveVersion = 1;
	classes = {
	};
	objectVersion = 50;
	objects = {

/* Begin PBXBuildFile section */
		B51CB71220E6165B001A80C7 /* AppDelegate.swift in Sources */ = {isa = PBXBuildFile; fileRef = B51CB71120E6165B001A80C7 /* AppDelegate.swift */; };
		B51CB71420E6165B001A80C7 /* FirstViewController.swift in Sources */ = {isa = PBXBuildFile; fileRef = B51CB71320E6165B001A80C7 /* FirstViewController.swift */; };
		B51CB71720E6165B001A80C7 /* Main.storyboard in Resources */ = {isa = PBXBuildFile; fileRef = B51CB71520E6165B001A80C7 /* Main.storyboard */; };
		B51CB71920E6165D001A80C7 /* Assets.xcassets in Resources */ = {isa = PBXBuildFile; fileRef = B51CB71820E6165D001A80C7 /* Assets.xcassets */; };
		B51CB71C20E6165D001A80C7 /* LaunchScreen.storyboard in Resources */ = {isa = PBXBuildFile; fileRef = B51CB71A20E6165D001A80C7 /* LaunchScreen.storyboard */; };
		B51CB72420E616F8001A80C7 /* SecondViewController.swift in Sources */ = {isa = PBXBuildFile; fileRef = B51CB72320E616F8001A80C7 /* SecondViewController.swift */; };
		B51CB72620E62088001A80C7 /* ThirdViewController.swift in Sources */ = {isa = PBXBuildFile; fileRef = B51CB72520E62088001A80C7 /* ThirdViewController.swift */; };
/* End PBXBuildFile section */

/* Begin PBXFileReference section */
		B51CB70E20E6165B001A80C7 /* ThreeLevelNavigation.app */ = {isa = PBXFileReference; explicitFileType = wrapper.application; includeInIndex = 0; path = ThreeLevelNavigation.app; sourceTree = BUILT_PRODUCTS_DIR; };
		B51CB71120E6165B001A80C7 /* AppDelegate.swift */ = {isa = PBXFileReference; lastKnownFileType = sourcecode.swift; path = AppDelegate.swift; sourceTree = "<group>"; };
		B51CB71320E6165B001A80C7 /* FirstViewController.swift */ = {isa = PBXFileReference; lastKnownFileType = sourcecode.swift; path = FirstViewController.swift; sourceTree = "<group>"; };
		B51CB71620E6165B001A80C7 /* Base */ = {isa = PBXFileReference; lastKnownFileType = file.storyboard; name = Base; path = Base.lproj/Main.storyboard; sourceTree = "<group>"; };
		B51CB71820E6165D001A80C7 /* Assets.xcassets */ = {isa = PBXFileReference; lastKnownFileType = folder.assetcatalog; path = Assets.xcassets; sourceTree = "<group>"; };
		B51CB71B20E6165D001A80C7 /* Base */ = {isa = PBXFileReference; lastKnownFileType = file.storyboard; name = Base; path = Base.lproj/LaunchScreen.storyboard; sourceTree = "<group>"; };
		B51CB71D20E6165D001A80C7 /* Info.plist */ = {isa = PBXFileReference; lastKnownFileType = text.plist.xml; path = Info.plist; sourceTree = "<group>"; };
		B51CB72320E616F8001A80C7 /* SecondViewController.swift */ = {isa = PBXFileReference; lastKnownFileType = sourcecode.swift; path = SecondViewController.swift; sourceTree = "<group>"; };
		B51CB72520E62088001A80C7 /* ThirdViewController.swift */ = {isa = PBXFileReference; lastKnownFileType = sourcecode.swift; path = ThirdViewController.swift; sourceTree = "<group>"; };
/* End PBXFileReference section */

/* Begin PBXFrameworksBuildPhase section */
		B51CB70B20E6165B001A80C7 /* Frameworks */ = {
			isa = PBXFrameworksBuildPhase;
			buildActionMask = 2147483647;
			files = (
			);
			runOnlyForDeploymentPostprocessing = 0;
		};
/* End PBXFrameworksBuildPhase section */

/* Begin PBXGroup section */
		B51CB70520E6165B001A80C7 = {
			isa = PBXGroup;
			children = (
				B51CB71020E6165B001A80C7 /* ThreeLevelNavigation */,
				B51CB70F20E6165B001A80C7 /* Products */,
			);
			sourceTree = "<group>";
		};
		B51CB70F20E6165B001A80C7 /* Products */ = {
			isa = PBXGroup;
			children = (
				B51CB70E20E6165B001A80C7 /* ThreeLevelNavigation.app */,
			);
			name = Products;
			sourceTree = "<group>";
		};
		B51CB71020E6165B001A80C7 /* ThreeLevelNavigation */ = {
			isa = PBXGroup;
			children = (
				B51CB71120E6165B001A80C7 /* AppDelegate.swift */,
				B51CB71320E6165B001A80C7 /* FirstViewController.swift */,
				B51CB71520E6165B001A80C7 /* Main.storyboard */,
				B51CB72520E62088001A80C7 /* ThirdViewController.swift */,
				B51CB72320E616F8001A80C7 /* SecondViewController.swift */,
				B51CB71820E6165D001A80C7 /* Assets.xcassets */,
				B51CB71A20E6165D001A80C7 /* LaunchScreen.storyboard */,
				B51CB71D20E6165D001A80C7 /* Info.plist */,
			);
			path = ThreeLevelNavigation;
			sourceTree = "<group>";
		};
/* End PBXGroup section */

/* Begin PBXNativeTarget section */
		B51CB70D20E6165B001A80C7 /* ThreeLevelNavigation */ = {
			isa = PBXNativeTarget;
			buildConfigurationList = B51CB72020E6165D001A80C7 /* Build configuration list for PBXNativeTarget "ThreeLevelNavigation" */;
			buildPhases = (
				B51CB70A20E6165B001A80C7 /* Sources */,
				B51CB70B20E6165B001A80C7 /* Frameworks */,
				B51CB70C20E6165B001A80C7 /* Resources */,
			);
			buildRules = (
			);
			dependencies = (
			);
			name = ThreeLevelNavigation;
			productName = ThreeLevelNavigation;
			productReference = B51CB70E20E6165B001A80C7 /* ThreeLevelNavigation.app */;
			productType = "com.apple.product-type.application";
		};
/* End PBXNativeTarget section */

/* Begin PBXProject section */
		B51CB70620E6165B001A80C7 /* Project object */ = {
			isa = PBXProject;
			attributes = {
				LastSwiftUpdateCheck = 0940;
				LastUpgradeCheck = 0940;
				ORGANIZATIONNAME = ben;
				TargetAttributes = {
					B51CB70D20E6165B001A80C7 = {
						CreatedOnToolsVersion = 9.4.1;
					};
				};
			};
			buildConfigurationList = B51CB70920E6165B001A80C7 /* Build configuration list for PBXProject "ThreeLevelNavigation" */;
			compatibilityVersion = "Xcode 9.3";
			developmentRegion = en;
			hasScannedForEncodings = 0;
			knownRegions = (
				en,
				Base,
			);
			mainGroup = B51CB70520E6165B001A80C7;
			productRefGroup = B51CB70F20E6165B001A80C7 /* Products */;
			projectDirPath = "";
			projectRoot = "";
			targets = (
				B51CB70D20E6165B001A80C7 /* ThreeLevelNavigation */,
			);
		};
/* End PBXProject section */

/* Begin PBXResourcesBuildPhase section */
		B51CB70C20E6165B001A80C7 /* Resources */ = {
			isa = PBXResourcesBuildPhase;
			buildActionMask = 2147483647;
			files = (
				B51CB71C20E6165D001A80C7 /* LaunchScreen.storyboard in Resources */,
				B51CB71920E6165D001A80C7 /* Assets.xcassets in Resources */,
				B51CB71720E6165B001A80C7 /* Main.storyboard in Resources */,
			);
			runOnlyForDeploymentPostprocessing = 0;
		};
/* End PBXResourcesBuildPhase section */

/* Begin PBXSourcesBuildPhase section */
		B51CB70A20E6165B001A80C7 /* Sources */ = {
			isa = PBXSourcesBuildPhase;
			buildActionMask = 2147483647;
			files = (
				B51CB72420E616F8001A80C7 /* SecondViewController.swift in Sources */,
				B51CB71420E6165B001A80C7 /* FirstViewController.swift in Sources */,
				B51CB72620E62088001A80C7 /* ThirdViewController.swift in Sources */,
				B51CB71220E6165B001A80C7 /* AppDelegate.swift in Sources */,
			);
			runOnlyForDeploymentPostprocessing = 0;
		};
/* End PBXSourcesBuildPhase section */

/* Begin PBXVariantGroup section */
		B51CB71520E6165B001A80C7 /* Main.storyboard */ = {
			isa = PBXVariantGroup;
			children = (
				B51CB71620E6165B001A80C7 /* Base */,
			);
			name = Main.storyboard;
			sourceTree = "<group>";
		};
		B51CB71A20E6165D001A80C7 /* LaunchScreen.storyboard */ = {
			isa = PBXVariantGroup;
			children = (
				B51CB71B20E6165D001A80C7 /* Base */,
			);
			name = LaunchScreen.storyboard;
			sourceTree = "<group>";
		};
/* End PBXVariantGroup section */

/* Begin XCBuildConfiguration section */
		B51CB71E20E6165D001A80C7 /* Debug */ = {
			isa = XCBuildConfiguration;
			buildSettings = {
				ALWAYS_SEARCH_USER_PATHS = NO;
				CLANG_ANALYZER_NONNULL = YES;
				CLANG_ANALYZER_NUMBER_OBJECT_CONVERSION = YES_AGGRESSIVE;
				CLANG_CXX_LANGUAGE_STANDARD = "gnu++14";
				CLANG_CXX_LIBRARY = "libc++";
				CLANG_ENABLE_MODULES = YES;
				CLANG_ENABLE_OBJC_ARC = YES;
				CLANG_ENABLE_OBJC_WEAK = YES;
				CLANG_WARN_BLOCK_CAPTURE_AUTORELEASING = YES;
				CLANG_WARN_BOOL_CONVERSION = YES;
				CLANG_WARN_COMMA = YES;
				CLANG_WARN_CONSTANT_CONVERSION = YES;
				CLANG_WARN_DEPRECATED_OBJC_IMPLEMENTATIONS = YES;
				CLANG_WARN_DIRECT_OBJC_ISA_USAGE = YES_ERROR;
				CLANG_WARN_DOCUMENTATION_COMMENTS = YES;
				CLANG_WARN_EMPTY_BODY = YES;
				CLANG_WARN_ENUM_CONVERSION = YES;
				CLANG_WARN_INFINITE_RECURSION = YES;
				CLANG_WARN_INT_CONVERSION = YES;
				CLANG_WARN_NON_LITERAL_NULL_CONVERSION = YES;
				CLANG_WARN_OBJC_IMPLICIT_RETAIN_SELF = YES;
				CLANG_WARN_OBJC_LITERAL_CONVERSION = YES;
				CLANG_WARN_OBJC_ROOT_CLASS = YES_ERROR;
				CLANG_WARN_RANGE_LOOP_ANALYSIS = YES;
				CLANG_WARN_STRICT_PROTOTYPES = YES;
				CLANG_WARN_SUSPICIOUS_MOVE = YES;
				CLANG_WARN_UNGUARDED_AVAILABILITY = YES_AGGRESSIVE;
				CLANG_WARN_UNREACHABLE_CODE = YES;
				CLANG_WARN__DUPLICATE_METHOD_MATCH = YES;
				CODE_SIGN_IDENTITY = "iPhone Developer";
				COPY_PHASE_STRIP = NO;
				DEBUG_INFORMATION_FORMAT = dwarf;
				ENABLE_STRICT_OBJC_MSGSEND = YES;
				ENABLE_TESTABILITY = YES;
				GCC_C_LANGUAGE_STANDARD = gnu11;
				GCC_DYNAMIC_NO_PIC = NO;
				GCC_NO_COMMON_BLOCKS = YES;
				GCC_OPTIMIZATION_LEVEL = 0;
				GCC_PREPROCESSOR_DEFINITIONS = (
					"DEBUG=1",
					"$(inherited)",
				);
				GCC_WARN_64_TO_32_BIT_CONVERSION = YES;
				GCC_WARN_ABOUT_RETURN_TYPE = YES_ERROR;
				GCC_WARN_UNDECLARED_SELECTOR = YES;
				GCC_WARN_UNINITIALIZED_AUTOS = YES_AGGRESSIVE;
				GCC_WARN_UNUSED_FUNCTION = YES;
				GCC_WARN_UNUSED_VARIABLE = YES;
				IPHONEOS_DEPLOYMENT_TARGET = 11.4;
				MTL_ENABLE_DEBUG_INFO = YES;
				ONLY_ACTIVE_ARCH = YES;
				SDKROOT = iphoneos;
				SWIFT_ACTIVE_COMPILATION_CONDITIONS = DEBUG;
				SWIFT_OPTIMIZATION_LEVEL = "-Onone";
			};
			name = Debug;
		};
		B51CB71F20E6165D001A80C7 /* Release */ = {
			isa = XCBuildConfiguration;
			buildSettings = {
				ALWAYS_SEARCH_USER_PATHS = NO;
				CLANG_ANALYZER_NONNULL = YES;
				CLANG_ANALYZER_NUMBER_OBJECT_CONVERSION = YES_AGGRESSIVE;
				CLANG_CXX_LANGUAGE_STANDARD = "gnu++14";
				CLANG_CXX_LIBRARY = "libc++";
				CLANG_ENABLE_MODULES = YES;
				CLANG_ENABLE_OBJC_ARC = YES;
				CLANG_ENABLE_OBJC_WEAK = YES;
				CLANG_WARN_BLOCK_CAPTURE_AUTORELEASING = YES;
				CLANG_WARN_BOOL_CONVERSION = YES;
				CLANG_WARN_COMMA = YES;
				CLANG_WARN_CONSTANT_CONVERSION = YES;
				CLANG_WARN_DEPRECATED_OBJC_IMPLEMENTATIONS = YES;
				CLANG_WARN_DIRECT_OBJC_ISA_USAGE = YES_ERROR;
				CLANG_WARN_DOCUMENTATION_COMMENTS = YES;
				CLANG_WARN_EMPTY_BODY = YES;
				CLANG_WARN_ENUM_CONVERSION = YES;
				CLANG_WARN_INFINITE_RECURSION = YES;
				CLANG_WARN_INT_CONVERSION = YES;
				CLANG_WARN_NON_LITERAL_NULL_CONVERSION = YES;
				CLANG_WARN_OBJC_IMPLICIT_RETAIN_SELF = YES;
				CLANG_WARN_OBJC_LITERAL_CONVERSION = YES;
				CLANG_WARN_OBJC_ROOT_CLASS = YES_ERROR;
				CLANG_WARN_RANGE_LOOP_ANALYSIS = YES;
				CLANG_WARN_STRICT_PROTOTYPES = YES;
				CLANG_WARN_SUSPICIOUS_MOVE = YES;
				CLANG_WARN_UNGUARDED_AVAILABILITY = YES_AGGRESSIVE;
				CLANG_WARN_UNREACHABLE_CODE = YES;
				CLANG_WARN__DUPLICATE_METHOD_MATCH = YES;
				CODE_SIGN_IDENTITY = "iPhone Developer";
				COPY_PHASE_STRIP = NO;
				DEBUG_INFORMATION_FORMAT = "dwarf-with-dsym";
				ENABLE_NS_ASSERTIONS = NO;
				ENABLE_STRICT_OBJC_MSGSEND = YES;
				GCC_C_LANGUAGE_STANDARD = gnu11;
				GCC_NO_COMMON_BLOCKS = YES;
				GCC_WARN_64_TO_32_BIT_CONVERSION = YES;
				GCC_WARN_ABOUT_RETURN_TYPE = YES_ERROR;
				GCC_WARN_UNDECLARED_SELECTOR = YES;
				GCC_WARN_UNINITIALIZED_AUTOS = YES_AGGRESSIVE;
				GCC_WARN_UNUSED_FUNCTION = YES;
				GCC_WARN_UNUSED_VARIABLE = YES;
				IPHONEOS_DEPLOYMENT_TARGET = 11.4;
				MTL_ENABLE_DEBUG_INFO = NO;
				SDKROOT = iphoneos;
				SWIFT_COMPILATION_MODE = wholemodule;
				SWIFT_OPTIMIZATION_LEVEL = "-O";
				VALIDATE_PRODUCT = YES;
			};
			name = Release;
		};
		B51CB72120E6165D001A80C7 /* Debug */ = {
			isa = XCBuildConfiguration;
			buildSettings = {
				ASSETCATALOG_COMPILER_APPICON_NAME = AppIcon;
				CODE_SIGN_STYLE = Automatic;
				DEVELOPMENT_TEAM = 6SKSVLNHZN;
				INFOPLIST_FILE = ThreeLevelNavigation/Info.plist;
				LD_RUNPATH_SEARCH_PATHS = (
					"$(inherited)",
					"@executable_path/Frameworks",
				);
				PRODUCT_BUNDLE_IDENTIFIER = com.benfzc.ThreeLevelNavigation;
				PRODUCT_NAME = "$(TARGET_NAME)";
				SWIFT_VERSION = 4.0;
				TARGETED_DEVICE_FAMILY = "1,2";
			};
			name = Debug;
		};
		B51CB72220E6165D001A80C7 /* Release */ = {
			isa = XCBuildConfiguration;
			buildSettings = {
				ASSETCATALOG_COMPILER_APPICON_NAME = AppIcon;
				CODE_SIGN_STYLE = Automatic;
				DEVELOPMENT_TEAM = 6SKSVLNHZN;
				INFOPLIST_FILE = ThreeLevelNavigation/Info.plist;
				LD_RUNPATH_SEARCH_PATHS = (
					"$(inherited)",
					"@executable_path/Frameworks",
				);
				PRODUCT_BUNDLE_IDENTIFIER = com.benfzc.ThreeLevelNavigation;
				PRODUCT_NAME = "$(TARGET_NAME)";
				SWIFT_VERSION = 4.0;
				TARGETED_DEVICE_FAMILY = "1,2";
			};
			name = Release;
		};
/* End XCBuildConfiguration section */

/* Begin XCConfigurationList section */
		B51CB70920E6165B001A80C7 /* Build configuration list for PBXProject "ThreeLevelNavigation" */ = {
			isa = XCConfigurationList;
			buildConfigurations = (
				B51CB71E20E6165D001A80C7 /* Debug */,
				B51CB71F20E6165D001A80C7 /* Release */,
			);
			defaultConfigurationIsVisible = 0;
			defaultConfigurationName = Release;
		};
		B51CB72020E6165D001A80C7 /* Build configuration list for PBXNativeTarget "ThreeLevelNavigation" */ = {
			isa = XCConfigurationList;
			buildConfigurations = (
				B51CB72120E6165D001A80C7 /* Debug */,
				B51CB72220E6165D001A80C7 /* Release */,
			);
			defaultConfigurationIsVisible = 0;
			defaultConfigurationName = Release;
		};
/* End XCConfigurationList section */
	};
	rootObject = B51CB70620E6165B001A80C7 /* Project object */;
}
